
Microsoft Visual Studio Solution File, Format Version 11.00
# Visual Studio 2010
Project("{FAE04EC0-301F-11D3-BF4B-00C04F79EFBC}") = "SWErgotronAddin", "SWAnthroAddin\SWErgotronAddin.csproj", "{EA9F1269-E2E2-4C92-A511-88A73ADC7DD2}"
EndProject
Project("{54435603-DBB4-11D2-8724-00A0C9A8B90C}") = "Setup", "Setup\Setup.vdproj", "{06010257-256C-4612-AC8C-777929C9D088}"
EndProject
Global
	GlobalSection(SolutionConfigurationPlatforms) = preSolution
		Debug|Any CPU = Debug|Any CPU
		Release|Any CPU = Release|Any CPU
	EndGlobalSection
	GlobalSection(ProjectConfigurationPlatforms) = postSolution
		{EA9F1269-E2E2-4C92-A511-88A73ADC7DD2}.Debug|Any CPU.ActiveCfg = Release|Any CPU
		{EA9F1269-E2E2-4C92-A511-88A73ADC7DD2}.Debug|Any CPU.Build.0 = Release|Any CPU
		{EA9F1269-E2E2-4C92-A511-88A73ADC7DD2}.Release|Any CPU.ActiveCfg = Release|Any CPU
		{EA9F1269-E2E2-4C92-A511-88A73ADC7DD2}.Release|Any CPU.Build.0 = Release|Any CPU
		{06010257-256C-4612-AC8C-777929C9D088}.Debug|Any CPU.ActiveCfg = Release
		{06010257-256C-4612-AC8C-777929C9D088}.Debug|Any CPU.Build.0 = Release
		{06010257-256C-4612-AC8C-777929C9D088}.Release|Any CPU.ActiveCfg = Release
	EndGlobalSection
	GlobalSection(SolutionProperties) = preSolution
		HideSolutionNode = FALSE
	EndGlobalSection
EndGlobal
